<?xml version="1.0" encoding="utf-8"?>
<Project ToolsVersion="4.0" xmlns="http://schemas.microsoft.com/developer/msbuild/2003">
  <ItemGroup>
    <Filter Include="Source Files">
      <UniqueIdentifier>{4FC737F1-C7A5-4376-A066-2A32D752A2FF}</UniqueIdentifier>
      <Extensions>cpp;c;cc;cxx;c++;cppm;ixx;def;odl;idl;hpj;bat;asm;asmx</Extensions>
    </Filter>
    <Filter Include="Header Files">
      <UniqueIdentifier>{93995380-89BD-4b04-88EB-625FBE52EBFB}</UniqueIdentifier>
      <Extensions>h;hh;hpp;hxx;h++;hm;inl;inc;ipp;xsd</Extensions>
    </Filter>
    <Filter Include="Resource Files">
      <UniqueIdentifier>{67DA6AB6-F800-4c08-8B7A-83BB121AAD01}</UniqueIdentifier>
      <Extensions>rc;ico;cur;bmp;dlg;rc2;rct;bin;rgs;gif;jpg;jpeg;jpe;resx;tiff;tif;png;wav;mfcribbon-ms</Extensions>
    </Filter>
    <Filter Include="Header Files\imgui">
      <UniqueIdentifier>{48084255-82bf-4595-a7af-046c4fcfcc3a}</UniqueIdentifier>
    </Filter>
    <Filter Include="Resource Files\HDE">
      <UniqueIdentifier>{eb43e805-ebfb-434d-9475-ff6cd44d4dcb}</UniqueIdentifier>
    </Filter>
    <Filter Include="Header Files\nmd">
      <UniqueIdentifier>{d6018a9f-5ed2-4363-a207-d6352fe4c28f}</UniqueIdentifier>
    </Filter>
  </ItemGroup>
  <ItemGroup>
    <ClCompile Include="main.cpp">
      <Filter>Source Files</Filter>
    </ClCompile>
    <ClCompile Include="imgui-docking\imgui.cpp">
      <Filter>Header Files\imgui</Filter>
    </ClCompile>
    <ClCompile Include="imgui-docking\imgui_demo.cpp">
      <Filter>Header Files\imgui</Filter>
    </ClCompile>
    <ClCompile Include="imgui-docking\imgui_draw.cpp">
      <Filter>Header Files\imgui</Filter>
    </ClCompile>
    <ClCompile Include="imgui-docking\imgui_impl_dx9.cpp">
      <Filter>Header Files\imgui</Filter>
    </ClCompile>
    <ClCompile Include="imgui-docking\imgui_impl_win32.cpp">
      <Filter>Header Files\imgui</Filter>
    </ClCompile>
    <ClCompile Include="imgui-docking\imgui_widgets.cpp">
      <Filter>Header Files\imgui</Filter>
    </ClCompile>
    <ClCompile Include="hde\hde32\src\hde32.cpp">
      <Filter>Resource Files\HDE</Filter>
    </ClCompile>
    <ClCompile Include="hde\hde64\src\hde64.cpp">
      <Filter>Resource Files\HDE</Filter>
    </ClCompile>
  </ItemGroup>
  <ItemGroup>
    <ClInclude Include="main.h">
      <Filter>Header Files</Filter>
    </ClInclude>
    <ClInclude Include="utils.h">
      <Filter>Header Files</Filter>
    </ClInclude>
    <ClInclude Include="global.h">
      <Filter>Header Files</Filter>
    </ClInclude>
    <ClInclude Include="imgui-docking\imconfig.h">
      <Filter>Header Files\imgui</Filter>
    </ClInclude>
    <ClInclude Include="imgui-docking\imgui.h">
      <Filter>Header Files\imgui</Filter>
    </ClInclude>
    <ClInclude Include="imgui-docking\imgui_impl_dx9.h">
      <Filter>Header Files\imgui</Filter>
    </ClInclude>
    <ClInclude Include="imgui-docking\imgui_impl_win32.h">
      <Filter>Header Files\imgui</Filter>
    </ClInclude>
    <ClInclude Include="imgui-docking\imgui_internal.h">
      <Filter>Header Files\imgui</Filter>
    </ClInclude>
    <ClInclude Include="imgui-docking\imstb_rectpack.h">
      <Filter>Header Files\imgui</Filter>
    </ClInclude>
    <ClInclude Include="imgui-docking\imstb_textedit.h">
      <Filter>Header Files\imgui</Filter>
    </ClInclude>
    <ClInclude Include="imgui-docking\imstb_truetype.h">
      <Filter>Header Files\imgui</Filter>
    </ClInclude>
    <ClInclude Include="scan.h">
      <Filter>Header Files</Filter>
    </ClInclude>
    <ClInclude Include="dump.h">
      <Filter>Header Files</Filter>
    </ClInclude>
    <ClInclude Include="pattern.h">
      <Filter>Header Files</Filter>
    </ClInclude>
    <ClInclude Include="drivers.h">
      <Filter>Header Files</Filter>
    </ClInclude>
    <ClInclude Include="hardware_breakpoint.h">
      <Filter>Header Files</Filter>
    </ClInclude>
    <ClInclude Include="thread.h">
      <Filter>Header Files</Filter>
    </ClInclude>
    <ClInclude Include="bitset.h">
      <Filter>Header Files</Filter>
    </ClInclude>
    <ClInclude Include="eat_hook.h">
      <Filter>Header Files</Filter>
    </ClInclude>
    <ClInclude Include="hde\hde32\include\hde32.h">
      <Filter>Resource Files\HDE</Filter>
    </ClInclude>
    <ClInclude Include="hde\hde32\include\table32.h">
      <Filter>Resource Files\HDE</Filter>
    </ClInclude>
    <ClInclude Include="hde\hde64\include\hde64.h">
      <Filter>Resource Files\HDE</Filter>
    </ClInclude>
    <ClInclude Include="hde\hde64\include\table64.h">
      <Filter>Resource Files\HDE</Filter>
    </ClInclude>
    <ClInclude Include="modules.h">
      <Filter>Header Files</Filter>
    </ClInclude>
    <ClInclude Include="process.h">
      <Filter>Header Files</Filter>
    </ClInclude>
    <ClInclude Include="pe.h">
      <Filter>Header Files</Filter>
    </ClInclude>
    <ClInclude Include="nmd-master\nmd-master\nmd_assembly.h">
      <Filter>Header Files\nmd</Filter>
    </ClInclude>
  </ItemGroup>
</Project>